
Microsoft Visual Studio Solution File, Format Version 12.00
# Visual Studio Version 17
VisualStudioVersion = 17.14.36518.9
MinimumVisualStudioVersion = 10.0.40219.1
Project("{FAE04EC0-301F-11D3-BF4B-00C04F79EFBC}") = "EA_Ecommerce.PL", "EA_Ecommerce.PL\EA_Ecommerce.PL.csproj", "{4806C852-5C5D-4E37-BAB7-894F02D911DA}"
EndProject
Project("{FAE04EC0-301F-11D3-BF4B-00C04F79EFBC}") = "EA_Ecommerce.DAL", "EA_Ecommerce.DAL\EA_Ecommerce.DAL.csproj", "{A52F5326-9660-4353-B18A-656C70896D35}"
EndProject
Project("{FAE04EC0-301F-11D3-BF4B-00C04F79EFBC}") = "EA_Ecommerce.BLL", "EA_Ecommerce.BLL\EA_Ecommerce.BLL.csproj", "{02EDD404-A92F-4D95-AA8C-B19D9DE949B1}"
EndProject
Global
	GlobalSection(SolutionConfigurationPlatforms) = preSolution
		Debug|Any CPU = Debug|Any CPU
		Release|Any CPU = Release|Any CPU
	EndGlobalSection
	GlobalSection(ProjectConfigurationPlatforms) = postSolution
		{4806C852-5C5D-4E37-BAB7-894F02D911DA}.Debug|Any CPU.ActiveCfg = Debug|Any CPU
		{4806C852-5C5D-4E37-BAB7-894F02D911DA}.Debug|Any CPU.Build.0 = Debug|Any CPU
		{4806C852-5C5D-4E37-BAB7-894F02D911DA}.Release|Any CPU.ActiveCfg = Release|Any CPU
		{4806C852-5C5D-4E37-BAB7-894F02D911DA}.Release|Any CPU.Build.0 = Release|Any CPU
		{A52F5326-9660-4353-B18A-656C70896D35}.Debug|Any CPU.ActiveCfg = Debug|Any CPU
		{A52F5326-9660-4353-B18A-656C70896D35}.Debug|Any CPU.Build.0 = Debug|Any CPU
		{A52F5326-9660-4353-B18A-656C70896D35}.Release|Any CPU.ActiveCfg = Release|Any CPU
		{A52F5326-9660-4353-B18A-656C70896D35}.Release|Any CPU.Build.0 = Release|Any CPU
		{02EDD404-A92F-4D95-AA8C-B19D9DE949B1}.Debug|Any CPU.ActiveCfg = Debug|Any CPU
		{02EDD404-A92F-4D95-AA8C-B19D9DE949B1}.Debug|Any CPU.Build.0 = Debug|Any CPU
		{02EDD404-A92F-4D95-AA8C-B19D9DE949B1}.Release|Any CPU.ActiveCfg = Release|Any CPU
		{02EDD404-A92F-4D95-AA8C-B19D9DE949B1}.Release|Any CPU.Build.0 = Release|Any CPU
	EndGlobalSection
	GlobalSection(SolutionProperties) = preSolution
		HideSolutionNode = FALSE
	EndGlobalSection
	GlobalSection(ExtensibilityGlobals) = postSolution
		SolutionGuid = {911CFBD4-2EFB-4579-83C1-9148DA758BDC}
	EndGlobalSection
EndGlobal
